
Microsoft Visual Studio Solution File, Format Version 12.00
# Visual Studio Version 16
VisualStudioVersion = 16.0.29503.13
MinimumVisualStudioVersion = 10.0.40219.1
Project("{FAE04EC0-301F-11D3-BF4B-00C04F79EFBC}") = "OXGame", "OXGame\OXGame.csproj", "{A993CA3C-F129-4671-BD94-9E8CB40FD838}"
EndProject
Global
	GlobalSection(SolutionConfigurationPlatforms) = preSolution
		Debug|Any CPU = Debug|Any CPU
		Release|Any CPU = Release|Any CPU
	EndGlobalSection
	GlobalSection(ProjectConfigurationPlatforms) = postSolution
		{A993CA3C-F129-4671-BD94-9E8CB40FD838}.Debug|Any CPU.ActiveCfg = Debug|Any CPU
		{A993CA3C-F129-4671-BD94-9E8CB40FD838}.Debug|Any CPU.Build.0 = Debug|Any CPU
		{A993CA3C-F129-4671-BD94-9E8CB40FD838}.Release|Any CPU.ActiveCfg = Release|Any CPU
		{A993CA3C-F129-4671-BD94-9E8CB40FD838}.Release|Any CPU.Build.0 = Release|Any CPU
	EndGlobalSection
	GlobalSection(SolutionProperties) = preSolution
		HideSolutionNode = FALSE
	EndGlobalSection
	GlobalSection(ExtensibilityGlobals) = postSolution
		SolutionGuid = {D206CDF8-8A1C-4371-8889-E1BC62416304}
	EndGlobalSection
EndGlobal
